
Microsoft Visual Studio Solution File, Format Version 12.00
# Visual Studio Version 16
VisualStudioVersion = 16.0.30907.101
MinimumVisualStudioVersion = 10.0.40219.1
Project("{FAE04EC0-301F-11D3-BF4B-00C04F79EFBC}") = "Console", "Console\Console.csproj", "{6338990D-7135-466A-BB27-DB053ADD6AB2}"
EndProject
Project("{FAE04EC0-301F-11D3-BF4B-00C04F79EFBC}") = "WPF", "App\WPF.csproj", "{8643CE74-AA27-4E3D-8FF3-1C00EAAFF6A0}"
EndProject
Global
	GlobalSection(SolutionConfigurationPlatforms) = preSolution
		Debug|Any CPU = Debug|Any CPU
		Release|Any CPU = Release|Any CPU
	EndGlobalSection
	GlobalSection(ProjectConfigurationPlatforms) = postSolution
		{6338990D-7135-466A-BB27-DB053ADD6AB2}.Debug|Any CPU.ActiveCfg = Debug|Any CPU
		{6338990D-7135-466A-BB27-DB053ADD6AB2}.Debug|Any CPU.Build.0 = Debug|Any CPU
		{6338990D-7135-466A-BB27-DB053ADD6AB2}.Release|Any CPU.ActiveCfg = Release|Any CPU
		{6338990D-7135-466A-BB27-DB053ADD6AB2}.Release|Any CPU.Build.0 = Release|Any CPU
		{8643CE74-AA27-4E3D-8FF3-1C00EAAFF6A0}.Debug|Any CPU.ActiveCfg = Debug|Any CPU
		{8643CE74-AA27-4E3D-8FF3-1C00EAAFF6A0}.Debug|Any CPU.Build.0 = Debug|Any CPU
		{8643CE74-AA27-4E3D-8FF3-1C00EAAFF6A0}.Release|Any CPU.ActiveCfg = Release|Any CPU
		{8643CE74-AA27-4E3D-8FF3-1C00EAAFF6A0}.Release|Any CPU.Build.0 = Release|Any CPU
	EndGlobalSection
	GlobalSection(SolutionProperties) = preSolution
		HideSolutionNode = FALSE
	EndGlobalSection
	GlobalSection(ExtensibilityGlobals) = postSolution
		SolutionGuid = {B62BC162-6EAA-442A-A523-75A930D2B7C0}
	EndGlobalSection
EndGlobal
